github.com/go-redis/redis v6.15.1+incompatible h1:BZ9s4/vHrIqwOb0OPtTQ5uABxETJ3NRuUNoSUurnkew=
github.com/go-redis/redis v6.15.1+incompatible/go.mod h1:NAIEuMOZ/fxfXJIrKDQDz8wamY7mA7PouImQ2Jvg6kA=
github.com/gorilla/mux v1.7.0 h1:tOSd0UKHQd6urX6ApfOn4XdBMY6Sh1MfxV3kmaazO+U=
github.com/gorilla/mux v1.7.0/go.mod h1:1lud6UwP+6orDFRuTfBEV8e9/aOM/c4fVVCaMa2zaAs=
